
Microsoft Visual Studio Solution File, Format Version 12.00
# Visual Studio Version 17
VisualStudioVersion = 17.6.33829.357
MinimumVisualStudioVersion = 10.0.40219.1
Project("{FAE04EC0-301F-11D3-BF4B-00C04F79EFBC}") = "Assignment_09", "Assignment_09\Assignment_09.csproj", "{8933594E-4B2B-4C99-9B80-F7A5EF61641B}"
EndProject
Global
	GlobalSection(SolutionConfigurationPlatforms) = preSolution
		Debug|Any CPU = Debug|Any CPU
		Release|Any CPU = Release|Any CPU
	EndGlobalSection
	GlobalSection(ProjectConfigurationPlatforms) = postSolution
		{8933594E-4B2B-4C99-9B80-F7A5EF61641B}.Debug|Any CPU.ActiveCfg = Debug|Any CPU
		{8933594E-4B2B-4C99-9B80-F7A5EF61641B}.Debug|Any CPU.Build.0 = Debug|Any CPU
		{8933594E-4B2B-4C99-9B80-F7A5EF61641B}.Release|Any CPU.ActiveCfg = Release|Any CPU
		{8933594E-4B2B-4C99-9B80-F7A5EF61641B}.Release|Any CPU.Build.0 = Release|Any CPU
	EndGlobalSection
	GlobalSection(SolutionProperties) = preSolution
		HideSolutionNode = FALSE
	EndGlobalSection
	GlobalSection(ExtensibilityGlobals) = postSolution
		SolutionGuid = {7E2A54E5-D9BC-4938-BF54-4F2AF04248F1}
	EndGlobalSection
EndGlobal
